<Solution>
  <Configurations>
    <Platform Name="x64" />
    <Platform Name="x86" />
  </Configurations>
  <Project Path="ADS/Plane.vcxproj" Id="690f19b0-f5da-47aa-933b-35afcba2d42f" />
  <Project Path="BumpMapping/BumpMapping.vcxproj" Id="0083581c-2f3c-4cad-9f91-fbeddf2f0c93" />
  <Project Path="GouraudPhongShading/GouraudPhongShading.vcxproj" Id="e5655c0a-561e-4615-a6a4-f27283255ace" />
  <Project Path="HeightMap/HeightMap.vcxproj" Id="c29faa45-7359-4fb1-86a2-7c8ca85e8334" />
  <Project Path="HelloApplication/HelloApplication.vcxproj" Id="34308bb7-12c2-4bce-9868-9327976f25b9" />
  <Project Path="HelloGLFW/HelloGLFW.vcxproj" Id="4acbb7ec-e85c-4504-8299-b1ae251236cd" />
  <Project Path="HelloPlane/HelloPlane.vcxproj" Id="b91f511a-51c1-43bc-839a-5b07375d7488" />
  <Project Path="HelloTexture/HelloTexture.vcxproj" Id="39162e1c-b26c-43fb-8e0e-a8147ba7b879" />
  <Project Path="HelloTriangle/HelloTriangle.vcxproj" Id="362a147b-2648-4572-be6f-40f7ceff68b2" />
  <Project Path="HelloWorld/HelloWorld.vcxproj" Id="f4d4e490-38a7-4b4c-aa3a-900076095e86" />
</Solution>
